
Microsoft Visual Studio Solution File, Format Version 12.00
# Visual Studio Version 17
VisualStudioVersion = 17.8.34330.188
MinimumVisualStudioVersion = 10.0.40219.1
Project("{FAE04EC0-301F-11D3-BF4B-00C04F79EFBC}") = "SortedNumbers", "SortedNumbers.csproj", "{C8EAEBED-98CE-4562-9224-79764D765F70}"
EndProject
Project("{FAE04EC0-301F-11D3-BF4B-00C04F79EFBC}") = "TestSortedNumbers", "..\TestSortedNumbers\TestSortedNumbers.csproj", "{0FC247DB-9CE2-4E45-9640-9D8903141828}"
EndProject
Global
	GlobalSection(SolutionConfigurationPlatforms) = preSolution
		Debug|Any CPU = Debug|Any CPU
		Release|Any CPU = Release|Any CPU
	EndGlobalSection
	GlobalSection(ProjectConfigurationPlatforms) = postSolution
		{C8EAEBED-98CE-4562-9224-79764D765F70}.Debug|Any CPU.ActiveCfg = Debug|Any CPU
		{C8EAEBED-98CE-4562-9224-79764D765F70}.Debug|Any CPU.Build.0 = Debug|Any CPU
		{C8EAEBED-98CE-4562-9224-79764D765F70}.Release|Any CPU.ActiveCfg = Release|Any CPU
		{C8EAEBED-98CE-4562-9224-79764D765F70}.Release|Any CPU.Build.0 = Release|Any CPU
		{0FC247DB-9CE2-4E45-9640-9D8903141828}.Debug|Any CPU.ActiveCfg = Debug|Any CPU
		{0FC247DB-9CE2-4E45-9640-9D8903141828}.Debug|Any CPU.Build.0 = Debug|Any CPU
		{0FC247DB-9CE2-4E45-9640-9D8903141828}.Release|Any CPU.ActiveCfg = Release|Any CPU
		{0FC247DB-9CE2-4E45-9640-9D8903141828}.Release|Any CPU.Build.0 = Release|Any CPU
	EndGlobalSection
	GlobalSection(SolutionProperties) = preSolution
		HideSolutionNode = FALSE
	EndGlobalSection
	GlobalSection(ExtensibilityGlobals) = postSolution
		SolutionGuid = {D6F702CD-A3F6-4D8B-9D52-0F3E2489827F}
	EndGlobalSection
EndGlobal
